
Microsoft Visual Studio Solution File, Format Version 12.00
# Visual Studio Version 16
VisualStudioVersion = 16.0.29806.167
MinimumVisualStudioVersion = 10.0.40219.1
Project("{FAE04EC0-301F-11D3-BF4B-00C04F79EFBC}") = "ClassLibrary1", "ClassLibrary1.csproj", "{7B31CD22-3123-4BD0-9996-45E18A95DD05}"
EndProject
Global
	GlobalSection(SolutionConfigurationPlatforms) = preSolution
		Debug|Any CPU = Debug|Any CPU
		Release|Any CPU = Release|Any CPU
	EndGlobalSection
	GlobalSection(ProjectConfigurationPlatforms) = postSolution
		{7B31CD22-3123-4BD0-9996-45E18A95DD05}.Debug|Any CPU.ActiveCfg = Debug|Any CPU
		{7B31CD22-3123-4BD0-9996-45E18A95DD05}.Debug|Any CPU.Build.0 = Debug|Any CPU
		{7B31CD22-3123-4BD0-9996-45E18A95DD05}.Release|Any CPU.ActiveCfg = Release|Any CPU
		{7B31CD22-3123-4BD0-9996-45E18A95DD05}.Release|Any CPU.Build.0 = Release|Any CPU
	EndGlobalSection
	GlobalSection(SolutionProperties) = preSolution
		HideSolutionNode = FALSE
	EndGlobalSection
	GlobalSection(ExtensibilityGlobals) = postSolution
		SolutionGuid = {3BE88325-C6F7-423E-8C36-162648FF0D36}
	EndGlobalSection
EndGlobal
